// !$*UTF8*$!
{
	archiveVersion = 1;
	classes = {
	};
	objectVersion = 46;
	objects = {

/* Begin PBXBuildFile section */
		B8FE0A551DEC83F10052A16D /* main.m in Sources */ = {isa = PBXBuildFile; fileRef = B8FE0A541DEC83F10052A16D /* main.m */; };
		B8FE0A581DEC83F10052A16D /* AppDelegate.m in Sources */ = {isa = PBXBuildFile; fileRef = B8FE0A571DEC83F10052A16D /* AppDelegate.m */; };
		B8FE0A5B1DEC83F10052A16D /* ViewController.m in Sources */ = {isa = PBXBuildFile; fileRef = B8FE0A5A1DEC83F10052A16D /* ViewController.m */; };
		B8FE0A5E1DEC83F10052A16D /* Main.storyboard in Resources */ = {isa = PBXBuildFile; fileRef = B8FE0A5C1DEC83F10052A16D /* Main.storyboard */; };
		B8FE0A601DEC83F10052A16D /* Assets.xcassets in Resources */ = {isa = PBXBuildFile; fileRef = B8FE0A5F1DEC83F10052A16D /* Assets.xcassets */; };
		B8FE0A631DEC83F10052A16D /* LaunchScreen.storyboard in Resources */ = {isa = PBXBuildFile; fileRef = B8FE0A611DEC83F10052A16D /* LaunchScreen.storyboard */; };
		B8FE0A6E1DEC83F10052A16D /* YHPStatusBarHUDExampleTests.m in Sources */ = {isa = PBXBuildFile; fileRef = B8FE0A6D1DEC83F10052A16D /* YHPStatusBarHUDExampleTests.m */; };
		B8FE0A791DEC83F10052A16D /* YHPStatusBarHUDExampleUITests.m in Sources */ = {isa = PBXBuildFile; fileRef = B8FE0A781DEC83F10052A16D /* YHPStatusBarHUDExampleUITests.m */; };
		B8FE0A8A1DEC84090052A16D /* YHPStatusBarHUD.bundle in Resources */ = {isa = PBXBuildFile; fileRef = B8FE0A871DEC84090052A16D /* YHPStatusBarHUD.bundle */; };
		B8FE0A8B1DEC84090052A16D /* YHPStatusBarHUD.m in Sources */ = {isa = PBXBuildFile; fileRef = B8FE0A891DEC84090052A16D /* YHPStatusBarHUD.m */; };
/* End PBXBuildFile section */

/* Begin PBXContainerItemProxy section */
		B8FE0A6A1DEC83F10052A16D /* PBXContainerItemProxy */ = {
			isa = PBXContainerItemProxy;
			containerPortal = B8FE0A481DEC83F10052A16D /* Project object */;
			proxyType = 1;
			remoteGlobalIDString = B8FE0A4F1DEC83F10052A16D;
			remoteInfo = YHPStatusBarHUDExample;
		};
		B8FE0A751DEC83F10052A16D /* PBXContainerItemProxy */ = {
			isa = PBXContainerItemProxy;
			containerPortal = B8FE0A481DEC83F10052A16D /* Project object */;
			proxyType = 1;
			remoteGlobalIDString = B8FE0A4F1DEC83F10052A16D;
			remoteInfo = YHPStatusBarHUDExample;
		};
/* End PBXContainerItemProxy section */

/* Begin PBXFileReference section */
		B8FE0A501DEC83F10052A16D /* YHPStatusBarHUDExample.app */ = {isa = PBXFileReference; explicitFileType = wrapper.application; includeInIndex = 0; path = YHPStatusBarHUDExample.app; sourceTree = BUILT_PRODUCTS_DIR; };
		B8FE0A541DEC83F10052A16D /* main.m */ = {isa = PBXFileReference; lastKnownFileType = sourcecode.c.objc; path = main.m; sourceTree = "<group>"; };
		B8FE0A561DEC83F10052A16D /* AppDelegate.h */ = {isa = PBXFileReference; lastKnownFileType = sourcecode.c.h; path = AppDelegate.h; sourceTree = "<group>"; };
		B8FE0A571DEC83F10052A16D /* AppDelegate.m */ = {isa = PBXFileReference; lastKnownFileType = sourcecode.c.objc; path = AppDelegate.m; sourceTree = "<group>"; };
		B8FE0A591DEC83F10052A16D /* ViewController.h */ = {isa = PBXFileReference; lastKnownFileType = sourcecode.c.h; path = ViewController.h; sourceTree = "<group>"; };
		B8FE0A5A1DEC83F10052A16D /* ViewController.m */ = {isa = PBXFileReference; lastKnownFileType = sourcecode.c.objc; path = ViewController.m; sourceTree = "<group>"; };
		B8FE0A5D1DEC83F10052A16D /* Base */ = {isa = PBXFileReference; lastKnownFileType = file.storyboard; name = Base; path = Base.lproj/Main.storyboard; sourceTree = "<group>"; };
		B8FE0A5F1DEC83F10052A16D /* Assets.xcassets */ = {isa = PBXFileReference; lastKnownFileType = folder.assetcatalog; path = Assets.xcassets; sourceTree = "<group>"; };
		B8FE0A621DEC83F10052A16D /* Base */ = {isa = PBXFileReference; lastKnownFileType = file.storyboard; name = Base; path = Base.lproj/LaunchScreen.storyboard; sourceTree = "<group>"; };
		B8FE0A641DEC83F10052A16D /* Info.plist */ = {isa = PBXFileReference; lastKnownFileType = text.plist.xml; path = Info.plist; sourceTree = "<group>"; };
		B8FE0A691DEC83F10052A16D /* YHPStatusBarHUDExampleTests.xctest */ = {isa = PBXFileReference; explicitFileType = wrapper.cfbundle; includeInIndex = 0; path = YHPStatusBarHUDExampleTests.xctest; sourceTree = BUILT_PRODUCTS_DIR; };
		B8FE0A6D1DEC83F10052A16D /* YHPStatusBarHUDExampleTests.m */ = {isa = PBXFileReference; lastKnownFileType = sourcecode.c.objc; path = YHPStatusBarHUDExampleTests.m; sourceTree = "<group>"; };
		B8FE0A6F1DEC83F10052A16D /* Info.plist */ = {isa = PBXFileReference; lastKnownFileType = text.plist.xml; path = Info.plist; sourceTree = "<group>"; };
		B8FE0A741DEC83F10052A16D /* YHPStatusBarHUDExampleUITests.xctest */ = {isa = PBXFileReference; explicitFileType = wrapper.cfbundle; includeInIndex = 0; path = YHPStatusBarHUDExampleUITests.xctest; sourceTree = BUILT_PRODUCTS_DIR; };
		B8FE0A781DEC83F10052A16D /* YHPStatusBarHUDExampleUITests.m */ = {isa = PBXFileReference; lastKnownFileType = sourcecode.c.objc; path = YHPStatusBarHUDExampleUITests.m; sourceTree = "<group>"; };
		B8FE0A7A1DEC83F10052A16D /* Info.plist */ = {isa = PBXFileReference; lastKnownFileType = text.plist.xml; path = Info.plist; sourceTree = "<group>"; };
		B8FE0A871DEC84090052A16D /* YHPStatusBarHUD.bundle */ = {isa = PBXFileReference; lastKnownFileType = "wrapper.plug-in"; path = YHPStatusBarHUD.bundle; sourceTree = "<group>"; };
		B8FE0A881DEC84090052A16D /* YHPStatusBarHUD.h */ = {isa = PBXFileReference; fileEncoding = 4; lastKnownFileType = sourcecode.c.h; path = YHPStatusBarHUD.h; sourceTree = "<group>"; };
		B8FE0A891DEC84090052A16D /* YHPStatusBarHUD.m */ = {isa = PBXFileReference; fileEncoding = 4; lastKnownFileType = sourcecode.c.objc; path = YHPStatusBarHUD.m; sourceTree = "<group>"; };
/* End PBXFileReference section */

/* Begin PBXFrameworksBuildPhase section */
		B8FE0A4D1DEC83F10052A16D /* Frameworks */ = {
			isa = PBXFrameworksBuildPhase;
			buildActionMask = 2147483647;
			files = (
			);
			runOnlyForDeploymentPostprocessing = 0;
		};
		B8FE0A661DEC83F10052A16D /* Frameworks */ = {
			isa = PBXFrameworksBuildPhase;
			buildActionMask = 2147483647;
			files = (
			);
			runOnlyForDeploymentPostprocessing = 0;
		};
		B8FE0A711DEC83F10052A16D /* Frameworks */ = {
			isa = PBXFrameworksBuildPhase;
			buildActionMask = 2147483647;
			files = (
			);
			runOnlyForDeploymentPostprocessing = 0;
		};
/* End PBXFrameworksBuildPhase section */

/* Begin PBXGroup section */
		B8FE0A471DEC83F10052A16D = {
			isa = PBXGroup;
			children = (
				B8FE0A521DEC83F10052A16D /* YHPStatusBarHUDExample */,
				B8FE0A6C1DEC83F10052A16D /* YHPStatusBarHUDExampleTests */,
				B8FE0A771DEC83F10052A16D /* YHPStatusBarHUDExampleUITests */,
				B8FE0A511DEC83F10052A16D /* Products */,
			);
			sourceTree = "<group>";
		};
		B8FE0A511DEC83F10052A16D /* Products */ = {
			isa = PBXGroup;
			children = (
				B8FE0A501DEC83F10052A16D /* YHPStatusBarHUDExample.app */,
				B8FE0A691DEC83F10052A16D /* YHPStatusBarHUDExampleTests.xctest */,
				B8FE0A741DEC83F10052A16D /* YHPStatusBarHUDExampleUITests.xctest */,
			);
			name = Products;
			sourceTree = "<group>";
		};
		B8FE0A521DEC83F10052A16D /* YHPStatusBarHUDExample */ = {
			isa = PBXGroup;
			children = (
				B8FE0A861DEC84090052A16D /* YHPStatusBarHUD */,
				B8FE0A561DEC83F10052A16D /* AppDelegate.h */,
				B8FE0A571DEC83F10052A16D /* AppDelegate.m */,
				B8FE0A591DEC83F10052A16D /* ViewController.h */,
				B8FE0A5A1DEC83F10052A16D /* ViewController.m */,
				B8FE0A5C1DEC83F10052A16D /* Main.storyboard */,
				B8FE0A5F1DEC83F10052A16D /* Assets.xcassets */,
				B8FE0A611DEC83F10052A16D /* LaunchScreen.storyboard */,
				B8FE0A641DEC83F10052A16D /* Info.plist */,
				B8FE0A531DEC83F10052A16D /* Supporting Files */,
			);
			path = YHPStatusBarHUDExample;
			sourceTree = "<group>";
		};
		B8FE0A531DEC83F10052A16D /* Supporting Files */ = {
			isa = PBXGroup;
			children = (
				B8FE0A541DEC83F10052A16D /* main.m */,
			);
			name = "Supporting Files";
			sourceTree = "<group>";
		};
		B8FE0A6C1DEC83F10052A16D /* YHPStatusBarHUDExampleTests */ = {
			isa = PBXGroup;
			children = (
				B8FE0A6D1DEC83F10052A16D /* YHPStatusBarHUDExampleTests.m */,
				B8FE0A6F1DEC83F10052A16D /* Info.plist */,
			);
			path = YHPStatusBarHUDExampleTests;
			sourceTree = "<group>";
		};
		B8FE0A771DEC83F10052A16D /* YHPStatusBarHUDExampleUITests */ = {
			isa = PBXGroup;
			children = (
				B8FE0A781DEC83F10052A16D /* YHPStatusBarHUDExampleUITests.m */,
				B8FE0A7A1DEC83F10052A16D /* Info.plist */,
			);
			path = YHPStatusBarHUDExampleUITests;
			sourceTree = "<group>";
		};
		B8FE0A861DEC84090052A16D /* YHPStatusBarHUD */ = {
			isa = PBXGroup;
			children = (
				B8FE0A871DEC84090052A16D /* YHPStatusBarHUD.bundle */,
				B8FE0A881DEC84090052A16D /* YHPStatusBarHUD.h */,
				B8FE0A891DEC84090052A16D /* YHPStatusBarHUD.m */,
			);
			name = YHPStatusBarHUD;
			path = ../../YHPStatusBarHUD;
			sourceTree = "<group>";
		};
/* End PBXGroup section */

/* Begin PBXNativeTarget section */
		B8FE0A4F1DEC83F10052A16D /* YHPStatusBarHUDExample */ = {
			isa = PBXNativeTarget;
			buildConfigurationList = B8FE0A7D1DEC83F10052A16D /* Build configuration list for PBXNativeTarget "YHPStatusBarHUDExample" */;
			buildPhases = (
				B8FE0A4C1DEC83F10052A16D /* Sources */,
				B8FE0A4D1DEC83F10052A16D /* Frameworks */,
				B8FE0A4E1DEC83F10052A16D /* Resources */,
			);
			buildRules = (
			);
			dependencies = (
			);
			name = YHPStatusBarHUDExample;
			productName = YHPStatusBarHUDExample;
			productReference = B8FE0A501DEC83F10052A16D /* YHPStatusBarHUDExample.app */;
			productType = "com.apple.product-type.application";
		};
		B8FE0A681DEC83F10052A16D /* YHPStatusBarHUDExampleTests */ = {
			isa = PBXNativeTarget;
			buildConfigurationList = B8FE0A801DEC83F10052A16D /* Build configuration list for PBXNativeTarget "YHPStatusBarHUDExampleTests" */;
			buildPhases = (
				B8FE0A651DEC83F10052A16D /* Sources */,
				B8FE0A661DEC83F10052A16D /* Frameworks */,
				B8FE0A671DEC83F10052A16D /* Resources */,
			);
			buildRules = (
			);
			dependencies = (
				B8FE0A6B1DEC83F10052A16D /* PBXTargetDependency */,
			);
			name = YHPStatusBarHUDExampleTests;
			productName = YHPStatusBarHUDExampleTests;
			productReference = B8FE0A691DEC83F10052A16D /* YHPStatusBarHUDExampleTests.xctest */;
			productType = "com.apple.product-type.bundle.unit-test";
		};
		B8FE0A731DEC83F10052A16D /* YHPStatusBarHUDExampleUITests */ = {
			isa = PBXNativeTarget;
			buildConfigurationList = B8FE0A831DEC83F10052A16D /* Build configuration list for PBXNativeTarget "YHPStatusBarHUDExampleUITests" */;
			buildPhases = (
				B8FE0A701DEC83F10052A16D /* Sources */,
				B8FE0A711DEC83F10052A16D /* Frameworks */,
				B8FE0A721DEC83F10052A16D /* Resources */,
			);
			buildRules = (
			);
			dependencies = (
				B8FE0A761DEC83F10052A16D /* PBXTargetDependency */,
			);
			name = YHPStatusBarHUDExampleUITests;
			productName = YHPStatusBarHUDExampleUITests;
			productReference = B8FE0A741DEC83F10052A16D /* YHPStatusBarHUDExampleUITests.xctest */;
			productType = "com.apple.product-type.bundle.ui-testing";
		};
/* End PBXNativeTarget section */

/* Begin PBXProject section */
		B8FE0A481DEC83F10052A16D /* Project object */ = {
			isa = PBXProject;
			attributes = {
				LastUpgradeCheck = 0810;
				ORGANIZATIONNAME = YouHuaPei;
				TargetAttributes = {
					B8FE0A4F1DEC83F10052A16D = {
						CreatedOnToolsVersion = 8.1;
						ProvisioningStyle = Automatic;
					};
					B8FE0A681DEC83F10052A16D = {
						CreatedOnToolsVersion = 8.1;
						ProvisioningStyle = Automatic;
						TestTargetID = B8FE0A4F1DEC83F10052A16D;
					};
					B8FE0A731DEC83F10052A16D = {
						CreatedOnToolsVersion = 8.1;
						ProvisioningStyle = Automatic;
						TestTargetID = B8FE0A4F1DEC83F10052A16D;
					};
				};
			};
			buildConfigurationList = B8FE0A4B1DEC83F10052A16D /* Build configuration list for PBXProject "YHPStatusBarHUDExample" */;
			compatibilityVersion = "Xcode 3.2";
			developmentRegion = English;
			hasScannedForEncodings = 0;
			knownRegions = (
				en,
				Base,
			);
			mainGroup = B8FE0A471DEC83F10052A16D;
			productRefGroup = B8FE0A511DEC83F10052A16D /* Products */;
			projectDirPath = "";
			projectRoot = "";
			targets = (
				B8FE0A4F1DEC83F10052A16D /* YHPStatusBarHUDExample */,
				B8FE0A681DEC83F10052A16D /* YHPStatusBarHUDExampleTests */,
				B8FE0A731DEC83F10052A16D /* YHPStatusBarHUDExampleUITests */,
			);
		};
/* End PBXProject section */

/* Begin PBXResourcesBuildPhase section */
		B8FE0A4E1DEC83F10052A16D /* Resources */ = {
			isa = PBXResourcesBuildPhase;
			buildActionMask = 2147483647;
			files = (
				B8FE0A631DEC83F10052A16D /* LaunchScreen.storyboard in Resources */,
				B8FE0A8A1DEC84090052A16D /* YHPStatusBarHUD.bundle in Resources */,
				B8FE0A601DEC83F10052A16D /* Assets.xcassets in Resources */,
				B8FE0A5E1DEC83F10052A16D /* Main.storyboard in Resources */,
			);
			runOnlyForDeploymentPostprocessing = 0;
		};
		B8FE0A671DEC83F10052A16D /* Resources */ = {
			isa = PBXResourcesBuildPhase;
			buildActionMask = 2147483647;
			files = (
			);
			runOnlyForDeploymentPostprocessing = 0;
		};
		B8FE0A721DEC83F10052A16D /* Resources */ = {
			isa = PBXResourcesBuildPhase;
			buildActionMask = 2147483647;
			files = (
			);
			runOnlyForDeploymentPostprocessing = 0;
		};
/* End PBXResourcesBuildPhase section */

/* Begin PBXSourcesBuildPhase section */
		B8FE0A4C1DEC83F10052A16D /* Sources */ = {
			isa = PBXSourcesBuildPhase;
			buildActionMask = 2147483647;
			files = (
				B8FE0A5B1DEC83F10052A16D /* ViewController.m in Sources */,
				B8FE0A581DEC83F10052A16D /* AppDelegate.m in Sources */,
				B8FE0A551DEC83F10052A16D /* main.m in Sources */,
				B8FE0A8B1DEC84090052A16D /* YHPStatusBarHUD.m in Sources */,
			);
			runOnlyForDeploymentPostprocessing = 0;
		};
		B8FE0A651DEC83F10052A16D /* Sources */ = {
			isa = PBXSourcesBuildPhase;
			buildActionMask = 2147483647;
			files = (
				B8FE0A6E1DEC83F10052A16D /* YHPStatusBarHUDExampleTests.m in Sources */,
			);
			runOnlyForDeploymentPostprocessing = 0;
		};
		B8FE0A701DEC83F10052A16D /* Sources */ = {
			isa = PBXSourcesBuildPhase;
			buildActionMask = 2147483647;
			files = (
				B8FE0A791DEC83F10052A16D /* YHPStatusBarHUDExampleUITests.m in Sources */,
			);
			runOnlyForDeploymentPostprocessing = 0;
		};
/* End PBXSourcesBuildPhase section */

/* Begin PBXTargetDependency section */
		B8FE0A6B1DEC83F10052A16D /* PBXTargetDependency */ = {
			isa = PBXTargetDependency;
			target = B8FE0A4F1DEC83F10052A16D /* YHPStatusBarHUDExample */;
			targetProxy = B8FE0A6A1DEC83F10052A16D /* PBXContainerItemProxy */;
		};
		B8FE0A761DEC83F10052A16D /* PBXTargetDependency */ = {
			isa = PBXTargetDependency;
			target = B8FE0A4F1DEC83F10052A16D /* YHPStatusBarHUDExample */;
			targetProxy = B8FE0A751DEC83F10052A16D /* PBXContainerItemProxy */;
		};
/* End PBXTargetDependency section */

/* Begin PBXVariantGroup section */
		B8FE0A5C1DEC83F10052A16D /* Main.storyboard */ = {
			isa = PBXVariantGroup;
			children = (
				B8FE0A5D1DEC83F10052A16D /* Base */,
			);
			name = Main.storyboard;
			sourceTree = "<group>";
		};
		B8FE0A611DEC83F10052A16D /* LaunchScreen.storyboard */ = {
			isa = PBXVariantGroup;
			children = (
				B8FE0A621DEC83F10052A16D /* Base */,
			);
			name = LaunchScreen.storyboard;
			sourceTree = "<group>";
		};
/* End PBXVariantGroup section */

/* Begin XCBuildConfiguration section */
		B8FE0A7B1DEC83F10052A16D /* Debug */ = {
			isa = XCBuildConfiguration;
			buildSettings = {
				ALWAYS_SEARCH_USER_PATHS = NO;
				CLANG_ANALYZER_NONNULL = YES;
				CLANG_CXX_LANGUAGE_STANDARD = "gnu++0x";
				CLANG_CXX_LIBRARY = "libc++";
				CLANG_ENABLE_MODULES = YES;
				CLANG_ENABLE_OBJC_ARC = YES;
				CLANG_WARN_BOOL_CONVERSION = YES;
				CLANG_WARN_CONSTANT_CONVERSION = YES;
				CLANG_WARN_DIRECT_OBJC_ISA_USAGE = YES_ERROR;
				CLANG_WARN_DOCUMENTATION_COMMENTS = YES;
				CLANG_WARN_EMPTY_BODY = YES;
				CLANG_WARN_ENUM_CONVERSION = YES;
				CLANG_WARN_INFINITE_RECURSION = YES;
				CLANG_WARN_INT_CONVERSION = YES;
				CLANG_WARN_OBJC_ROOT_CLASS = YES_ERROR;
				CLANG_WARN_SUSPICIOUS_MOVES = YES;
				CLANG_WARN_UNREACHABLE_CODE = YES;
				CLANG_WARN__DUPLICATE_METHOD_MATCH = YES;
				"CODE_SIGN_IDENTITY[sdk=iphoneos*]" = "iPhone Developer";
				COPY_PHASE_STRIP = NO;
				DEBUG_INFORMATION_FORMAT = dwarf;
				ENABLE_STRICT_OBJC_MSGSEND = YES;
				ENABLE_TESTABILITY = YES;
				GCC_C_LANGUAGE_STANDARD = gnu99;
				GCC_DYNAMIC_NO_PIC = NO;
				GCC_NO_COMMON_BLOCKS = YES;
				GCC_OPTIMIZATION_LEVEL = 0;
				GCC_PREPROCESSOR_DEFINITIONS = (
					"DEBUG=1",
					"$(inherited)",
				);
				GCC_WARN_64_TO_32_BIT_CONVERSION = YES;
				GCC_WARN_ABOUT_RETURN_TYPE = YES_ERROR;
				GCC_WARN_UNDECLARED_SELECTOR = YES;
				GCC_WARN_UNINITIALIZED_AUTOS = YES_AGGRESSIVE;
				GCC_WARN_UNUSED_FUNCTION = YES;
				GCC_WARN_UNUSED_VARIABLE = YES;
				IPHONEOS_DEPLOYMENT_TARGET = 10.1;
				MTL_ENABLE_DEBUG_INFO = YES;
				ONLY_ACTIVE_ARCH = YES;
				SDKROOT = iphoneos;
				TARGETED_DEVICE_FAMILY = "1,2";
			};
			name = Debug;
		};
		B8FE0A7C1DEC83F10052A16D /* Release */ = {
			isa = XCBuildConfiguration;
			buildSettings = {
				ALWAYS_SEARCH_USER_PATHS = NO;
				CLANG_ANALYZER_NONNULL = YES;
				CLANG_CXX_LANGUAGE_STANDARD = "gnu++0x";
				CLANG_CXX_LIBRARY = "libc++";
				CLANG_ENABLE_MODULES = YES;
				CLANG_ENABLE_OBJC_ARC = YES;
				CLANG_WARN_BOOL_CONVERSION = YES;
				CLANG_WARN_CONSTANT_CONVERSION = YES;
				CLANG_WARN_DIRECT_OBJC_ISA_USAGE = YES_ERROR;
				CLANG_WARN_DOCUMENTATION_COMMENTS = YES;
				CLANG_WARN_EMPTY_BODY = YES;
				CLANG_WARN_ENUM_CONVERSION = YES;
				CLANG_WARN_INFINITE_RECURSION = YES;
				CLANG_WARN_INT_CONVERSION = YES;
				CLANG_WARN_OBJC_ROOT_CLASS = YES_ERROR;
				CLANG_WARN_SUSPICIOUS_MOVES = YES;
				CLANG_WARN_UNREACHABLE_CODE = YES;
				CLANG_WARN__DUPLICATE_METHOD_MATCH = YES;
				"CODE_SIGN_IDENTITY[sdk=iphoneos*]" = "iPhone Developer";
				COPY_PHASE_STRIP = NO;
				DEBUG_INFORMATION_FORMAT = "dwarf-with-dsym";
				ENABLE_NS_ASSERTIONS = NO;
				ENABLE_STRICT_OBJC_MSGSEND = YES;
				GCC_C_LANGUAGE_STANDARD = gnu99;
				GCC_NO_COMMON_BLOCKS = YES;
				GCC_WARN_64_TO_32_BIT_CONVERSION = YES;
				GCC_WARN_ABOUT_RETURN_TYPE = YES_ERROR;
				GCC_WARN_UNDECLARED_SELECTOR = YES;
				GCC_WARN_UNINITIALIZED_AUTOS = YES_AGGRESSIVE;
				GCC_WARN_UNUSED_FUNCTION = YES;
				GCC_WARN_UNUSED_VARIABLE = YES;
				IPHONEOS_DEPLOYMENT_TARGET = 10.1;
				MTL_ENABLE_DEBUG_INFO = NO;
				SDKROOT = iphoneos;
				TARGETED_DEVICE_FAMILY = "1,2";
				VALIDATE_PRODUCT = YES;
			};
			name = Release;
		};
		B8FE0A7E1DEC83F10052A16D /* Debug */ = {
			isa = XCBuildConfiguration;
			buildSettings = {
				ASSETCATALOG_COMPILER_APPICON_NAME = AppIcon;
				INFOPLIST_FILE = YHPStatusBarHUDExample/Info.plist;
				LD_RUNPATH_SEARCH_PATHS = "$(inherited) @executable_path/Frameworks";
				PRODUCT_BUNDLE_IDENTIFIER = mark.YHPStatusBarHUDExample;
				PRODUCT_NAME = "$(TARGET_NAME)";
			};
			name = Debug;
		};
		B8FE0A7F1DEC83F10052A16D /* Release */ = {
			isa = XCBuildConfiguration;
			buildSettings = {
				ASSETCATALOG_COMPILER_APPICON_NAME = AppIcon;
				INFOPLIST_FILE = YHPStatusBarHUDExample/Info.plist;
				LD_RUNPATH_SEARCH_PATHS = "$(inherited) @executable_path/Frameworks";
				PRODUCT_BUNDLE_IDENTIFIER = mark.YHPStatusBarHUDExample;
				PRODUCT_NAME = "$(TARGET_NAME)";
			};
			name = Release;
		};
		B8FE0A811DEC83F10052A16D /* Debug */ = {
			isa = XCBuildConfiguration;
			buildSettings = {
				BUNDLE_LOADER = "$(TEST_HOST)";
				INFOPLIST_FILE = YHPStatusBarHUDExampleTests/Info.plist;
				LD_RUNPATH_SEARCH_PATHS = "$(inherited) @executable_path/Frameworks @loader_path/Frameworks";
				PRODUCT_BUNDLE_IDENTIFIER = mark.YHPStatusBarHUDExampleTests;
				PRODUCT_NAME = "$(TARGET_NAME)";
				TEST_HOST = "$(BUILT_PRODUCTS_DIR)/YHPStatusBarHUDExample.app/YHPStatusBarHUDExample";
			};
			name = Debug;
		};
		B8FE0A821DEC83F10052A16D /* Release */ = {
			isa = XCBuildConfiguration;
			buildSettings = {
				BUNDLE_LOADER = "$(TEST_HOST)";
				INFOPLIST_FILE = YHPStatusBarHUDExampleTests/Info.plist;
				LD_RUNPATH_SEARCH_PATHS = "$(inherited) @executable_path/Frameworks @loader_path/Frameworks";
				PRODUCT_BUNDLE_IDENTIFIER = mark.YHPStatusBarHUDExampleTests;
				PRODUCT_NAME = "$(TARGET_NAME)";
				TEST_HOST = "$(BUILT_PRODUCTS_DIR)/YHPStatusBarHUDExample.app/YHPStatusBarHUDExample";
			};
			name = Release;
		};
		B8FE0A841DEC83F10052A16D /* Debug */ = {
			isa = XCBuildConfiguration;
			buildSettings = {
				INFOPLIST_FILE = YHPStatusBarHUDExampleUITests/Info.plist;
				LD_RUNPATH_SEARCH_PATHS = "$(inherited) @executable_path/Frameworks @loader_path/Frameworks";
				PRODUCT_BUNDLE_IDENTIFIER = mark.YHPStatusBarHUDExampleUITests;
				PRODUCT_NAME = "$(TARGET_NAME)";
				TEST_TARGET_NAME = YHPStatusBarHUDExample;
			};
			name = Debug;
		};
		B8FE0A851DEC83F10052A16D /* Release */ = {
			isa = XCBuildConfiguration;
			buildSettings = {
				INFOPLIST_FILE = YHPStatusBarHUDExampleUITests/Info.plist;
				LD_RUNPATH_SEARCH_PATHS = "$(inherited) @executable_path/Frameworks @loader_path/Frameworks";
				PRODUCT_BUNDLE_IDENTIFIER = mark.YHPStatusBarHUDExampleUITests;
				PRODUCT_NAME = "$(TARGET_NAME)";
				TEST_TARGET_NAME = YHPStatusBarHUDExample;
			};
			name = Release;
		};
/* End XCBuildConfiguration section */

/* Begin XCConfigurationList section */
		B8FE0A4B1DEC83F10052A16D /* Build configuration list for PBXProject "YHPStatusBarHUDExample" */ = {
			isa = XCConfigurationList;
			buildConfigurations = (
				B8FE0A7B1DEC83F10052A16D /* Debug */,
				B8FE0A7C1DEC83F10052A16D /* Release */,
			);
			defaultConfigurationIsVisible = 0;
			defaultConfigurationName = Release;
		};
		B8FE0A7D1DEC83F10052A16D /* Build configuration list for PBXNativeTarget "YHPStatusBarHUDExample" */ = {
			isa = XCConfigurationList;
			buildConfigurations = (
				B8FE0A7E1DEC83F10052A16D /* Debug */,
				B8FE0A7F1DEC83F10052A16D /* Release */,
			);
			defaultConfigurationIsVisible = 0;
			defaultConfigurationName = Release;
		};
		B8FE0A801DEC83F10052A16D /* Build configuration list for PBXNativeTarget "YHPStatusBarHUDExampleTests" */ = {
			isa = XCConfigurationList;
			buildConfigurations = (
				B8FE0A811DEC83F10052A16D /* Debug */,
				B8FE0A821DEC83F10052A16D /* Release */,
			);
			defaultConfigurationIsVisible = 0;
			defaultConfigurationName = Release;
		};
		B8FE0A831DEC83F10052A16D /* Build configuration list for PBXNativeTarget "YHPStatusBarHUDExampleUITests" */ = {
			isa = XCConfigurationList;
			buildConfigurations = (
				B8FE0A841DEC83F10052A16D /* Debug */,
				B8FE0A851DEC83F10052A16D /* Release */,
			);
			defaultConfigurationIsVisible = 0;
			defaultConfigurationName = Release;
		};
/* End XCConfigurationList section */
	};
	rootObject = B8FE0A481DEC83F10052A16D /* Project object */;
}
